PODS:
  - Alamofire (4.0.1)
  - Groot (2.0):
    - Groot/Swift (= 2.0)
  - Groot/Swift (2.0)
  - OHHTTPStubs (5.2.1):
    - OHHTTPStubs/Default (= 5.2.1)
  - OHHTTPStubs/Core (5.2.1)
  - OHHTTPStubs/Default (5.2.1):
    - OHHTTPStubs/Core
    - OHHTTPStubs/JSON
    - OHHTTPStubs/NSURLSession
    - OHHTTPStubs/OHPathHelpers
  - OHHTTPStubs/JSON (5.2.1):
    - OHHTTPStubs/Core
  - OHHTTPStubs/NSURLSession (5.2.1):
    - OHHTTPStubs/Core
  - OHHTTPStubs/OHPathHelpers (5.2.1)
  - OHHTTPStubs/Swift (5.2.1):
    - OHHTTPStubs/Core

DEPENDENCIES:
  - Alamofire (~> 4.0)
  - Groot (~> 2.0)
  - OHHTTPStubs (~> 5.2)
  - OHHTTPStubs/Swift (~> 5.2)

SPEC CHECKSUMS:
  Alamofire: 7682d43245de14874acd142ec137b144aa1dd335
  Groot: 7543f84980bfb1613750818029d9b927d4378211
  OHHTTPStubs: 3a42f25c00563b71355ac73112ba2324e9e6cef4

PODFILE CHECKSUM: d76c65817a87772f1369f91971ca7a32ec52eaab

COCOAPODS: 1.1.0.rc.3
