// !$*UTF8*$!
{
	archiveVersion = 1;
	classes = {
	};
	objectVersion = 46;
	objects = {

/* Begin PBXBuildFile section */
		32F981711DA7A62E00A6257F /* AppDelegate.swift in Sources */ = {isa = PBXBuildFile; fileRef = 32F981701DA7A62E00A6257F /* AppDelegate.swift */; };
		32F981731DA7A62E00A6257F /* ViewController.swift in Sources */ = {isa = PBXBuildFile; fileRef = 32F981721DA7A62E00A6257F /* ViewController.swift */; };
		32F981761DA7A62E00A6257F /* Main.storyboard in Resources */ = {isa = PBXBuildFile; fileRef = 32F981741DA7A62E00A6257F /* Main.storyboard */; };
		32F981781DA7A62E00A6257F /* Assets.xcassets in Resources */ = {isa = PBXBuildFile; fileRef = 32F981771DA7A62E00A6257F /* Assets.xcassets */; };
		32F9817B1DA7A62E00A6257F /* LaunchScreen.storyboard in Resources */ = {isa = PBXBuildFile; fileRef = 32F981791DA7A62E00A6257F /* LaunchScreen.storyboard */; };
		D351FDA53C1DA1EF6133C1E8 /* Pods_alamofire_groot.framework in Frameworks */ = {isa = PBXBuildFile; fileRef = 77A3F586F4BE8E3398CDAE52 /* Pods_alamofire_groot.framework */; };
/* End PBXBuildFile section */

/* Begin PBXFileReference section */
		21A4AC9F59A07A205D533E7A /* Pods-alamofire+groot.debug.xcconfig */ = {isa = PBXFileReference; includeInIndex = 1; lastKnownFileType = text.xcconfig; name = "Pods-alamofire+groot.debug.xcconfig"; path = "Pods/Target Support Files/Pods-alamofire+groot/Pods-alamofire+groot.debug.xcconfig"; sourceTree = "<group>"; };
		32F9816D1DA7A62E00A6257F /* alamofire+groot.app */ = {isa = PBXFileReference; explicitFileType = wrapper.application; includeInIndex = 0; path = "alamofire+groot.app"; sourceTree = BUILT_PRODUCTS_DIR; };
		32F981701DA7A62E00A6257F /* AppDelegate.swift */ = {isa = PBXFileReference; lastKnownFileType = sourcecode.swift; path = AppDelegate.swift; sourceTree = "<group>"; };
		32F981721DA7A62E00A6257F /* ViewController.swift */ = {isa = PBXFileReference; lastKnownFileType = sourcecode.swift; path = ViewController.swift; sourceTree = "<group>"; };
		32F981751DA7A62E00A6257F /* Base */ = {isa = PBXFileReference; lastKnownFileType = file.storyboard; name = Base; path = Base.lproj/Main.storyboard; sourceTree = "<group>"; };
		32F981771DA7A62E00A6257F /* Assets.xcassets */ = {isa = PBXFileReference; lastKnownFileType = folder.assetcatalog; path = Assets.xcassets; sourceTree = "<group>"; };
		32F9817A1DA7A62E00A6257F /* Base */ = {isa = PBXFileReference; lastKnownFileType = file.storyboard; name = Base; path = Base.lproj/LaunchScreen.storyboard; sourceTree = "<group>"; };
		32F9817C1DA7A62E00A6257F /* Info.plist */ = {isa = PBXFileReference; lastKnownFileType = text.plist.xml; path = Info.plist; sourceTree = "<group>"; };
		77A3F586F4BE8E3398CDAE52 /* Pods_alamofire_groot.framework */ = {isa = PBXFileReference; explicitFileType = wrapper.framework; includeInIndex = 0; path = Pods_alamofire_groot.framework; sourceTree = BUILT_PRODUCTS_DIR; };
		80DFB140C4F292E2AA92AEB6 /* Pods-alamofire+groot.release.xcconfig */ = {isa = PBXFileReference; includeInIndex = 1; lastKnownFileType = text.xcconfig; name = "Pods-alamofire+groot.release.xcconfig"; path = "Pods/Target Support Files/Pods-alamofire+groot/Pods-alamofire+groot.release.xcconfig"; sourceTree = "<group>"; };
/* End PBXFileReference section */

/* Begin PBXFrameworksBuildPhase section */
		32F9816A1DA7A62E00A6257F /* Frameworks */ = {
			isa = PBXFrameworksBuildPhase;
			buildActionMask = 2147483647;
			files = (
				D351FDA53C1DA1EF6133C1E8 /* Pods_alamofire_groot.framework in Frameworks */,
			);
			runOnlyForDeploymentPostprocessing = 0;
		};
/* End PBXFrameworksBuildPhase section */

/* Begin PBXGroup section */
		0148A8B0CCD37B689FC2ED4E /* Pods */ = {
			isa = PBXGroup;
			children = (
				21A4AC9F59A07A205D533E7A /* Pods-alamofire+groot.debug.xcconfig */,
				80DFB140C4F292E2AA92AEB6 /* Pods-alamofire+groot.release.xcconfig */,
			);
			name = Pods;
			sourceTree = "<group>";
		};
		32F981641DA7A62E00A6257F = {
			isa = PBXGroup;
			children = (
				32F9816F1DA7A62E00A6257F /* alamofire+groot */,
				32F9816E1DA7A62E00A6257F /* Products */,
				0148A8B0CCD37B689FC2ED4E /* Pods */,
				7C480267D245A54C5F1B125B /* Frameworks */,
			);
			sourceTree = "<group>";
		};
		32F9816E1DA7A62E00A6257F /* Products */ = {
			isa = PBXGroup;
			children = (
				32F9816D1DA7A62E00A6257F /* alamofire+groot.app */,
			);
			name = Products;
			sourceTree = "<group>";
		};
		32F9816F1DA7A62E00A6257F /* alamofire+groot */ = {
			isa = PBXGroup;
			children = (
				32F981701DA7A62E00A6257F /* AppDelegate.swift */,
				32F981721DA7A62E00A6257F /* ViewController.swift */,
				32F981741DA7A62E00A6257F /* Main.storyboard */,
				32F981771DA7A62E00A6257F /* Assets.xcassets */,
				32F981791DA7A62E00A6257F /* LaunchScreen.storyboard */,
				32F9817C1DA7A62E00A6257F /* Info.plist */,
			);
			path = "alamofire+groot";
			sourceTree = "<group>";
		};
		7C480267D245A54C5F1B125B /* Frameworks */ = {
			isa = PBXGroup;
			children = (
				77A3F586F4BE8E3398CDAE52 /* Pods_alamofire_groot.framework */,
			);
			name = Frameworks;
			sourceTree = "<group>";
		};
/* End PBXGroup section */

/* Begin PBXNativeTarget section */
		32F9816C1DA7A62E00A6257F /* alamofire+groot */ = {
			isa = PBXNativeTarget;
			buildConfigurationList = 32F9817F1DA7A62E00A6257F /* Build configuration list for PBXNativeTarget "alamofire+groot" */;
			buildPhases = (
				A858C5E2B134BD3AEB339B0E /* [CP] Check Pods Manifest.lock */,
				32F981691DA7A62E00A6257F /* Sources */,
				32F9816A1DA7A62E00A6257F /* Frameworks */,
				32F9816B1DA7A62E00A6257F /* Resources */,
				3BD0DE1114D50B44E6E28CDF /* [CP] Embed Pods Frameworks */,
				714A31ED22FADAC2867072A6 /* [CP] Copy Pods Resources */,
			);
			buildRules = (
			);
			dependencies = (
			);
			name = "alamofire+groot";
			productName = "alamofire+groot";
			productReference = 32F9816D1DA7A62E00A6257F /* alamofire+groot.app */;
			productType = "com.apple.product-type.application";
		};
/* End PBXNativeTarget section */

/* Begin PBXProject section */
		32F981651DA7A62E00A6257F /* Project object */ = {
			isa = PBXProject;
			attributes = {
				LastSwiftUpdateCheck = 0800;
				LastUpgradeCheck = 0800;
				ORGANIZATIONNAME = ManueGE;
				TargetAttributes = {
					32F9816C1DA7A62E00A6257F = {
						CreatedOnToolsVersion = 8.0;
						DevelopmentTeam = CF864KN2XE;
						ProvisioningStyle = Automatic;
					};
				};
			};
			buildConfigurationList = 32F981681DA7A62E00A6257F /* Build configuration list for PBXProject "alamofire+groot" */;
			compatibilityVersion = "Xcode 3.2";
			developmentRegion = English;
			hasScannedForEncodings = 0;
			knownRegions = (
				en,
				Base,
			);
			mainGroup = 32F981641DA7A62E00A6257F;
			productRefGroup = 32F9816E1DA7A62E00A6257F /* Products */;
			projectDirPath = "";
			projectRoot = "";
			targets = (
				32F9816C1DA7A62E00A6257F /* alamofire+groot */,
			);
		};
/* End PBXProject section */

/* Begin PBXResourcesBuildPhase section */
		32F9816B1DA7A62E00A6257F /* Resources */ = {
			isa = PBXResourcesBuildPhase;
			buildActionMask = 2147483647;
			files = (
				32F9817B1DA7A62E00A6257F /* LaunchScreen.storyboard in Resources */,
				32F981781DA7A62E00A6257F /* Assets.xcassets in Resources */,
				32F981761DA7A62E00A6257F /* Main.storyboard in Resources */,
			);
			runOnlyForDeploymentPostprocessing = 0;
		};
/* End PBXResourcesBuildPhase section */

/* Begin PBXShellScriptBuildPhase section */
		3BD0DE1114D50B44E6E28CDF /* [CP] Embed Pods Frameworks */ = {
			isa = PBXShellScriptBuildPhase;
			buildActionMask = 2147483647;
			files = (
			);
			inputPaths = (
			);
			name = "[CP] Embed Pods Frameworks";
			outputPaths = (
			);
			runOnlyForDeploymentPostprocessing = 0;
			shellPath = /bin/sh;
			shellScript = "\"${SRCROOT}/Pods/Target Support Files/Pods-alamofire+groot/Pods-alamofire+groot-frameworks.sh\"\n";
			showEnvVarsInLog = 0;
		};
		714A31ED22FADAC2867072A6 /* [CP] Copy Pods Resources */ = {
			isa = PBXShellScriptBuildPhase;
			buildActionMask = 2147483647;
			files = (
			);
			inputPaths = (
			);
			name = "[CP] Copy Pods Resources";
			outputPaths = (
			);
			runOnlyForDeploymentPostprocessing = 0;
			shellPath = /bin/sh;
			shellScript = "\"${SRCROOT}/Pods/Target Support Files/Pods-alamofire+groot/Pods-alamofire+groot-resources.sh\"\n";
			showEnvVarsInLog = 0;
		};
		A858C5E2B134BD3AEB339B0E /* [CP] Check Pods Manifest.lock */ = {
			isa = PBXShellScriptBuildPhase;
			buildActionMask = 2147483647;
			files = (
			);
			inputPaths = (
			);
			name = "[CP] Check Pods Manifest.lock";
			outputPaths = (
			);
			runOnlyForDeploymentPostprocessing = 0;
			shellPath = /bin/sh;
			shellScript = "diff \"${PODS_ROOT}/../Podfile.lock\" \"${PODS_ROOT}/Manifest.lock\" > /dev/null\nif [ $? != 0 ] ; then\n    # print error to STDERR\n    echo \"error: The sandbox is not in sync with the Podfile.lock. Run 'pod install' or update your CocoaPods installation.\" >&2\n    exit 1\nfi\n";
			showEnvVarsInLog = 0;
		};
/* End PBXShellScriptBuildPhase section */

/* Begin PBXSourcesBuildPhase section */
		32F981691DA7A62E00A6257F /* Sources */ = {
			isa = PBXSourcesBuildPhase;
			buildActionMask = 2147483647;
			files = (
				32F981731DA7A62E00A6257F /* ViewController.swift in Sources */,
				32F981711DA7A62E00A6257F /* AppDelegate.swift in Sources */,
			);
			runOnlyForDeploymentPostprocessing = 0;
		};
/* End PBXSourcesBuildPhase section */

/* Begin PBXVariantGroup section */
		32F981741DA7A62E00A6257F /* Main.storyboard */ = {
			isa = PBXVariantGroup;
			children = (
				32F981751DA7A62E00A6257F /* Base */,
			);
			name = Main.storyboard;
			sourceTree = "<group>";
		};
		32F981791DA7A62E00A6257F /* LaunchScreen.storyboard */ = {
			isa = PBXVariantGroup;
			children = (
				32F9817A1DA7A62E00A6257F /* Base */,
			);
			name = LaunchScreen.storyboard;
			sourceTree = "<group>";
		};
/* End PBXVariantGroup section */

/* Begin XCBuildConfiguration section */
		32F9817D1DA7A62E00A6257F /* Debug */ = {
			isa = XCBuildConfiguration;
			buildSettings = {
				ALWAYS_SEARCH_USER_PATHS = NO;
				CLANG_ANALYZER_NONNULL = YES;
				CLANG_CXX_LANGUAGE_STANDARD = "gnu++0x";
				CLANG_CXX_LIBRARY = "libc++";
				CLANG_ENABLE_MODULES = YES;
				CLANG_ENABLE_OBJC_ARC = YES;
				CLANG_WARN_BOOL_CONVERSION = YES;
				CLANG_WARN_CONSTANT_CONVERSION = YES;
				CLANG_WARN_DIRECT_OBJC_ISA_USAGE = YES_ERROR;
				CLANG_WARN_DOCUMENTATION_COMMENTS = YES;
				CLANG_WARN_EMPTY_BODY = YES;
				CLANG_WARN_ENUM_CONVERSION = YES;
				CLANG_WARN_INFINITE_RECURSION = YES;
				CLANG_WARN_INT_CONVERSION = YES;
				CLANG_WARN_OBJC_ROOT_CLASS = YES_ERROR;
				CLANG_WARN_SUSPICIOUS_MOVES = YES;
				CLANG_WARN_UNREACHABLE_CODE = YES;
				CLANG_WARN__DUPLICATE_METHOD_MATCH = YES;
				"CODE_SIGN_IDENTITY[sdk=iphoneos*]" = "iPhone Developer";
				COPY_PHASE_STRIP = NO;
				DEBUG_INFORMATION_FORMAT = dwarf;
				ENABLE_STRICT_OBJC_MSGSEND = YES;
				ENABLE_TESTABILITY = YES;
				GCC_C_LANGUAGE_STANDARD = gnu99;
				GCC_DYNAMIC_NO_PIC = NO;
				GCC_NO_COMMON_BLOCKS = YES;
				GCC_OPTIMIZATION_LEVEL = 0;
				GCC_PREPROCESSOR_DEFINITIONS = (
					"DEBUG=1",
					"$(inherited)",
				);
				GCC_WARN_64_TO_32_BIT_CONVERSION = YES;
				GCC_WARN_ABOUT_RETURN_TYPE = YES_ERROR;
				GCC_WARN_UNDECLARED_SELECTOR = YES;
				GCC_WARN_UNINITIALIZED_AUTOS = YES_AGGRESSIVE;
				GCC_WARN_UNUSED_FUNCTION = YES;
				GCC_WARN_UNUSED_VARIABLE = YES;
				IPHONEOS_DEPLOYMENT_TARGET = 10.0;
				MTL_ENABLE_DEBUG_INFO = YES;
				ONLY_ACTIVE_ARCH = YES;
				SDKROOT = iphoneos;
				SWIFT_ACTIVE_COMPILATION_CONDITIONS = DEBUG;
				SWIFT_OPTIMIZATION_LEVEL = "-Onone";
			};
			name = Debug;
		};
		32F9817E1DA7A62E00A6257F /* Release */ = {
			isa = XCBuildConfiguration;
			buildSettings = {
				ALWAYS_SEARCH_USER_PATHS = NO;
				CLANG_ANALYZER_NONNULL = YES;
				CLANG_CXX_LANGUAGE_STANDARD = "gnu++0x";
				CLANG_CXX_LIBRARY = "libc++";
				CLANG_ENABLE_MODULES = YES;
				CLANG_ENABLE_OBJC_ARC = YES;
				CLANG_WARN_BOOL_CONVERSION = YES;
				CLANG_WARN_CONSTANT_CONVERSION = YES;
				CLANG_WARN_DIRECT_OBJC_ISA_USAGE = YES_ERROR;
				CLANG_WARN_DOCUMENTATION_COMMENTS = YES;
				CLANG_WARN_EMPTY_BODY = YES;
				CLANG_WARN_ENUM_CONVERSION = YES;
				CLANG_WARN_INFINITE_RECURSION = YES;
				CLANG_WARN_INT_CONVERSION = YES;
				CLANG_WARN_OBJC_ROOT_CLASS = YES_ERROR;
				CLANG_WARN_SUSPICIOUS_MOVES = YES;
				CLANG_WARN_UNREACHABLE_CODE = YES;
				CLANG_WARN__DUPLICATE_METHOD_MATCH = YES;
				"CODE_SIGN_IDENTITY[sdk=iphoneos*]" = "iPhone Developer";
				COPY_PHASE_STRIP = NO;
				DEBUG_INFORMATION_FORMAT = "dwarf-with-dsym";
				ENABLE_NS_ASSERTIONS = NO;
				ENABLE_STRICT_OBJC_MSGSEND = YES;
				GCC_C_LANGUAGE_STANDARD = gnu99;
				GCC_NO_COMMON_BLOCKS = YES;
				GCC_WARN_64_TO_32_BIT_CONVERSION = YES;
				GCC_WARN_ABOUT_RETURN_TYPE = YES_ERROR;
				GCC_WARN_UNDECLARED_SELECTOR = YES;
				GCC_WARN_UNINITIALIZED_AUTOS = YES_AGGRESSIVE;
				GCC_WARN_UNUSED_FUNCTION = YES;
				GCC_WARN_UNUSED_VARIABLE = YES;
				IPHONEOS_DEPLOYMENT_TARGET = 10.0;
				MTL_ENABLE_DEBUG_INFO = NO;
				SDKROOT = iphoneos;
				SWIFT_OPTIMIZATION_LEVEL = "-Owholemodule";
				VALIDATE_PRODUCT = YES;
			};
			name = Release;
		};
		32F981801DA7A62E00A6257F /* Debug */ = {
			isa = XCBuildConfiguration;
			baseConfigurationReference = 21A4AC9F59A07A205D533E7A /* Pods-alamofire+groot.debug.xcconfig */;
			buildSettings = {
				ASSETCATALOG_COMPILER_APPICON_NAME = AppIcon;
				DEVELOPMENT_TEAM = CF864KN2XE;
				INFOPLIST_FILE = "alamofire+groot/Info.plist";
				LD_RUNPATH_SEARCH_PATHS = "$(inherited) @executable_path/Frameworks";
				PRODUCT_BUNDLE_IDENTIFIER = "com.manuege.alamofire-groot";
				PRODUCT_NAME = "$(TARGET_NAME)";
				SWIFT_VERSION = 3.0;
			};
			name = Debug;
		};
		32F981811DA7A62E00A6257F /* Release */ = {
			isa = XCBuildConfiguration;
			baseConfigurationReference = 80DFB140C4F292E2AA92AEB6 /* Pods-alamofire+groot.release.xcconfig */;
			buildSettings = {
				ASSETCATALOG_COMPILER_APPICON_NAME = AppIcon;
				DEVELOPMENT_TEAM = CF864KN2XE;
				INFOPLIST_FILE = "alamofire+groot/Info.plist";
				LD_RUNPATH_SEARCH_PATHS = "$(inherited) @executable_path/Frameworks";
				PRODUCT_BUNDLE_IDENTIFIER = "com.manuege.alamofire-groot";
				PRODUCT_NAME = "$(TARGET_NAME)";
				SWIFT_VERSION = 3.0;
			};
			name = Release;
		};
/* End XCBuildConfiguration section */

/* Begin XCConfigurationList section */
		32F981681DA7A62E00A6257F /* Build configuration list for PBXProject "alamofire+groot" */ = {
			isa = XCConfigurationList;
			buildConfigurations = (
				32F9817D1DA7A62E00A6257F /* Debug */,
				32F9817E1DA7A62E00A6257F /* Release */,
			);
			defaultConfigurationIsVisible = 0;
			defaultConfigurationName = Release;
		};
		32F9817F1DA7A62E00A6257F /* Build configuration list for PBXNativeTarget "alamofire+groot" */ = {
			isa = XCConfigurationList;
			buildConfigurations = (
				32F981801DA7A62E00A6257F /* Debug */,
				32F981811DA7A62E00A6257F /* Release */,
			);
			defaultConfigurationIsVisible = 0;
			defaultConfigurationName = Release;
		};
/* End XCConfigurationList section */
	};
	rootObject = 32F981651DA7A62E00A6257F /* Project object */;
}
