// !$*UTF8*$!
{
	archiveVersion = 1;
	classes = {
	};
	objectVersion = 46;
	objects = {

/* Begin PBXBuildFile section */
		323DF6A41DA7BBA300953180 /* XCTest+OHHTTPStubs.swift in Sources */ = {isa = PBXBuildFile; fileRef = 323DF6A31DA7BBA300953180 /* XCTest+OHHTTPStubs.swift */; };
		323DF6B01DA7C35F00953180 /* NSPersistentContainer+Memory.swift in Sources */ = {isa = PBXBuildFile; fileRef = 323DF6AF1DA7C35F00953180 /* NSPersistentContainer+Memory.swift */; };
		323DF6C51DA7C8CD00953180 /* Alamofire+CoreData.swift in Sources */ = {isa = PBXBuildFile; fileRef = 323DF6C11DA7C8CD00953180 /* Alamofire+CoreData.swift */; };
		323DF6C61DA7C8CD00953180 /* Insertable.swift in Sources */ = {isa = PBXBuildFile; fileRef = 323DF6C31DA7C8CD00953180 /* Insertable.swift */; };
		323DF6C71DA7C8CD00953180 /* NSManagedObject+Insertable.swift in Sources */ = {isa = PBXBuildFile; fileRef = 323DF6C41DA7C8CD00953180 /* NSManagedObject+Insertable.swift */; };
		323DF6CE1DA7C90100953180 /* User+CoreDataClass.swift in Sources */ = {isa = PBXBuildFile; fileRef = 323DF6CB1DA7C90100953180 /* User+CoreDataClass.swift */; };
		323DF6CF1DA7C90100953180 /* User+CoreDataProperties.swift in Sources */ = {isa = PBXBuildFile; fileRef = 323DF6CC1DA7C90100953180 /* User+CoreDataProperties.swift */; };
		3271E1661DA80384007D85E1 /* SampleWrapper.swift in Sources */ = {isa = PBXBuildFile; fileRef = 3271E1651DA80384007D85E1 /* SampleWrapper.swift */; };
		32774D6B1DA7CE4700209F66 /* model.xcdatamodeld in Sources */ = {isa = PBXBuildFile; fileRef = 32774D691DA7CE4700209F66 /* model.xcdatamodeld */; };
		32774D751DA7E01200209F66 /* Many.swift in Sources */ = {isa = PBXBuildFile; fileRef = 32774D741DA7E01200209F66 /* Many.swift */; };
		32774D7C1DA7E9F800209F66 /* Operator.swift in Sources */ = {isa = PBXBuildFile; fileRef = 32774D7A1DA7E9F800209F66 /* Operator.swift */; };
		32774D7D1DA7E9F800209F66 /* Wrapper.swift in Sources */ = {isa = PBXBuildFile; fileRef = 32774D7B1DA7E9F800209F66 /* Wrapper.swift */; };
		32774D7F1DA7F1A000209F66 /* NSManagedObjectTests.swift in Sources */ = {isa = PBXBuildFile; fileRef = 32774D7E1DA7F1A000209F66 /* NSManagedObjectTests.swift */; };
		32774D811DA7F1BA00209F66 /* WrapperTests.swift in Sources */ = {isa = PBXBuildFile; fileRef = 32774D801DA7F1BA00209F66 /* WrapperTests.swift */; };
		32774D831DA7F1CC00209F66 /* Constants.swift in Sources */ = {isa = PBXBuildFile; fileRef = 32774D821DA7F1CC00209F66 /* Constants.swift */; };
		32774D851DA7F21500209F66 /* InsertableTests.swift in Sources */ = {isa = PBXBuildFile; fileRef = 32774D841DA7F21500209F66 /* InsertableTests.swift */; };
		32774D871DA7F37E00209F66 /* LoginResponse.swift in Sources */ = {isa = PBXBuildFile; fileRef = 32774D861DA7F37E00209F66 /* LoginResponse.swift */; };
		32774D881DA7FE0F00209F66 /* AlamofireGroot.h in Headers */ = {isa = PBXBuildFile; fileRef = 323DF6B91DA7C8AC00953180 /* AlamofireGroot.h */; settings = {ATTRIBUTES = (Public, ); }; };
		9F42845CA018943BB458EC8E /* Pods_abstract_alamofireGroot_AlamofireGrootTests.framework in Frameworks */ = {isa = PBXBuildFile; fileRef = E28C7DBC0CC4CAEC5D90B7AD /* Pods_abstract_alamofireGroot_AlamofireGrootTests.framework */; };
		FAE1EEA705E104035FC472DC /* Pods_abstract_alamofireGroot_AlamofireGroot.framework in Frameworks */ = {isa = PBXBuildFile; fileRef = 918AF1DE18AA00FD172B3199 /* Pods_abstract_alamofireGroot_AlamofireGroot.framework */; };
/* End PBXBuildFile section */

/* Begin PBXContainerItemProxy section */
		3271E1611DA802DE007D85E1 /* PBXContainerItemProxy */ = {
			isa = PBXContainerItemProxy;
			containerPortal = 32F981651DA7A62E00A6257F /* Project object */;
			proxyType = 1;
			remoteGlobalIDString = 323DF6B61DA7C8AC00953180;
			remoteInfo = AlamofireGroot;
		};
/* End PBXContainerItemProxy section */

/* Begin PBXFileReference section */
		0F5FB475B3EADF41336AA9BB /* Pods-abstract_alamofireGroot-AlamofireGrootTests.release.xcconfig */ = {isa = PBXFileReference; includeInIndex = 1; lastKnownFileType = text.xcconfig; name = "Pods-abstract_alamofireGroot-AlamofireGrootTests.release.xcconfig"; path = "Pods/Target Support Files/Pods-abstract_alamofireGroot-AlamofireGrootTests/Pods-abstract_alamofireGroot-AlamofireGrootTests.release.xcconfig"; sourceTree = "<group>"; };
		247EBF9C274C094E7075AAC2 /* Pods_abstract_alamofireGroot_alamofireGroot.framework */ = {isa = PBXFileReference; explicitFileType = wrapper.framework; includeInIndex = 0; path = Pods_abstract_alamofireGroot_alamofireGroot.framework; sourceTree = BUILT_PRODUCTS_DIR; };
		323DF6A31DA7BBA300953180 /* XCTest+OHHTTPStubs.swift */ = {isa = PBXFileReference; fileEncoding = 4; lastKnownFileType = sourcecode.swift; path = "XCTest+OHHTTPStubs.swift"; sourceTree = "<group>"; };
		323DF6AF1DA7C35F00953180 /* NSPersistentContainer+Memory.swift */ = {isa = PBXFileReference; fileEncoding = 4; lastKnownFileType = sourcecode.swift; path = "NSPersistentContainer+Memory.swift"; sourceTree = "<group>"; };
		323DF6B71DA7C8AC00953180 /* AlamofireGroot.framework */ = {isa = PBXFileReference; explicitFileType = wrapper.framework; includeInIndex = 0; path = AlamofireGroot.framework; sourceTree = BUILT_PRODUCTS_DIR; };
		323DF6B91DA7C8AC00953180 /* AlamofireGroot.h */ = {isa = PBXFileReference; lastKnownFileType = sourcecode.c.h; path = AlamofireGroot.h; sourceTree = "<group>"; };
		323DF6BA1DA7C8AC00953180 /* Info.plist */ = {isa = PBXFileReference; lastKnownFileType = text.plist.xml; path = Info.plist; sourceTree = "<group>"; };
		323DF6C11DA7C8CD00953180 /* Alamofire+CoreData.swift */ = {isa = PBXFileReference; fileEncoding = 4; lastKnownFileType = sourcecode.swift; path = "Alamofire+CoreData.swift"; sourceTree = "<group>"; };
		323DF6C31DA7C8CD00953180 /* Insertable.swift */ = {isa = PBXFileReference; fileEncoding = 4; lastKnownFileType = sourcecode.swift; path = Insertable.swift; sourceTree = "<group>"; };
		323DF6C41DA7C8CD00953180 /* NSManagedObject+Insertable.swift */ = {isa = PBXFileReference; fileEncoding = 4; lastKnownFileType = sourcecode.swift; path = "NSManagedObject+Insertable.swift"; sourceTree = "<group>"; };
		323DF6CB1DA7C90100953180 /* User+CoreDataClass.swift */ = {isa = PBXFileReference; fileEncoding = 4; lastKnownFileType = sourcecode.swift; path = "User+CoreDataClass.swift"; sourceTree = "<group>"; };
		323DF6CC1DA7C90100953180 /* User+CoreDataProperties.swift */ = {isa = PBXFileReference; fileEncoding = 4; lastKnownFileType = sourcecode.swift; path = "User+CoreDataProperties.swift"; sourceTree = "<group>"; };
		3271E1651DA80384007D85E1 /* SampleWrapper.swift */ = {isa = PBXFileReference; fileEncoding = 4; lastKnownFileType = sourcecode.swift; path = SampleWrapper.swift; sourceTree = "<group>"; };
		32774D6A1DA7CE4700209F66 /* model.xcdatamodel */ = {isa = PBXFileReference; lastKnownFileType = wrapper.xcdatamodel; path = model.xcdatamodel; sourceTree = "<group>"; };
		32774D741DA7E01200209F66 /* Many.swift */ = {isa = PBXFileReference; fileEncoding = 4; lastKnownFileType = sourcecode.swift; path = Many.swift; sourceTree = "<group>"; };
		32774D7A1DA7E9F800209F66 /* Operator.swift */ = {isa = PBXFileReference; fileEncoding = 4; lastKnownFileType = sourcecode.swift; path = Operator.swift; sourceTree = "<group>"; };
		32774D7B1DA7E9F800209F66 /* Wrapper.swift */ = {isa = PBXFileReference; fileEncoding = 4; lastKnownFileType = sourcecode.swift; path = Wrapper.swift; sourceTree = "<group>"; };
		32774D7E1DA7F1A000209F66 /* NSManagedObjectTests.swift */ = {isa = PBXFileReference; fileEncoding = 4; lastKnownFileType = sourcecode.swift; name = NSManagedObjectTests.swift; path = nsmangedobject_serializers/NSManagedObjectTests.swift; sourceTree = "<group>"; };
		32774D801DA7F1BA00209F66 /* WrapperTests.swift */ = {isa = PBXFileReference; fileEncoding = 4; lastKnownFileType = sourcecode.swift; path = WrapperTests.swift; sourceTree = "<group>"; };
		32774D821DA7F1CC00209F66 /* Constants.swift */ = {isa = PBXFileReference; fileEncoding = 4; lastKnownFileType = sourcecode.swift; path = Constants.swift; sourceTree = "<group>"; };
		32774D841DA7F21500209F66 /* InsertableTests.swift */ = {isa = PBXFileReference; fileEncoding = 4; lastKnownFileType = sourcecode.swift; path = InsertableTests.swift; sourceTree = "<group>"; };
		32774D861DA7F37E00209F66 /* LoginResponse.swift */ = {isa = PBXFileReference; fileEncoding = 4; lastKnownFileType = sourcecode.swift; path = LoginResponse.swift; sourceTree = "<group>"; };
		32F981861DA7A7C400A6257F /* AlamofireGrootTests.xctest */ = {isa = PBXFileReference; explicitFileType = wrapper.cfbundle; includeInIndex = 0; path = AlamofireGrootTests.xctest; sourceTree = BUILT_PRODUCTS_DIR; };
		32F9818A1DA7A7C400A6257F /* Info.plist */ = {isa = PBXFileReference; lastKnownFileType = text.plist.xml; path = Info.plist; sourceTree = "<group>"; };
		779CB3D46964FE8A9422D328 /* Pods-abstract_alamofireGroot-AlamofireGroot.debug.xcconfig */ = {isa = PBXFileReference; includeInIndex = 1; lastKnownFileType = text.xcconfig; name = "Pods-abstract_alamofireGroot-AlamofireGroot.debug.xcconfig"; path = "Pods/Target Support Files/Pods-abstract_alamofireGroot-AlamofireGroot/Pods-abstract_alamofireGroot-AlamofireGroot.debug.xcconfig"; sourceTree = "<group>"; };
		7DC860C822AA8973C0A4265E /* Pods-abstract_alamofireGroot-alamofireGroot.debug.xcconfig */ = {isa = PBXFileReference; includeInIndex = 1; lastKnownFileType = text.xcconfig; name = "Pods-abstract_alamofireGroot-alamofireGroot.debug.xcconfig"; path = "Pods/Target Support Files/Pods-abstract_alamofireGroot-alamofireGroot/Pods-abstract_alamofireGroot-alamofireGroot.debug.xcconfig"; sourceTree = "<group>"; };
		86F72390B91652DFECB03F1E /* Pods-abstract_alamofireGroot-alamofireGrootTests.debug.xcconfig */ = {isa = PBXFileReference; includeInIndex = 1; lastKnownFileType = text.xcconfig; name = "Pods-abstract_alamofireGroot-alamofireGrootTests.debug.xcconfig"; path = "Pods/Target Support Files/Pods-abstract_alamofireGroot-alamofireGrootTests/Pods-abstract_alamofireGroot-alamofireGrootTests.debug.xcconfig"; sourceTree = "<group>"; };
		9146E0B2F38C39D20E288A24 /* Pods-abstract_alamofireGroot-alamofireGrootTests.release.xcconfig */ = {isa = PBXFileReference; includeInIndex = 1; lastKnownFileType = text.xcconfig; name = "Pods-abstract_alamofireGroot-alamofireGrootTests.release.xcconfig"; path = "Pods/Target Support Files/Pods-abstract_alamofireGroot-alamofireGrootTests/Pods-abstract_alamofireGroot-alamofireGrootTests.release.xcconfig"; sourceTree = "<group>"; };
		918AF1DE18AA00FD172B3199 /* Pods_abstract_alamofireGroot_AlamofireGroot.framework */ = {isa = PBXFileReference; explicitFileType = wrapper.framework; includeInIndex = 0; path = Pods_abstract_alamofireGroot_AlamofireGroot.framework; sourceTree = BUILT_PRODUCTS_DIR; };
		B5BB741F272089CB7296CB34 /* Pods-abstract_alamofireGroot-AlamofireGroot.release.xcconfig */ = {isa = PBXFileReference; includeInIndex = 1; lastKnownFileType = text.xcconfig; name = "Pods-abstract_alamofireGroot-AlamofireGroot.release.xcconfig"; path = "Pods/Target Support Files/Pods-abstract_alamofireGroot-AlamofireGroot/Pods-abstract_alamofireGroot-AlamofireGroot.release.xcconfig"; sourceTree = "<group>"; };
		C041BE564A6E09B64C2A3983 /* Pods-abstract_alamofireGroot-alamofireGroot.release.xcconfig */ = {isa = PBXFileReference; includeInIndex = 1; lastKnownFileType = text.xcconfig; name = "Pods-abstract_alamofireGroot-alamofireGroot.release.xcconfig"; path = "Pods/Target Support Files/Pods-abstract_alamofireGroot-alamofireGroot/Pods-abstract_alamofireGroot-alamofireGroot.release.xcconfig"; sourceTree = "<group>"; };
		E28C7DBC0CC4CAEC5D90B7AD /* Pods_abstract_alamofireGroot_AlamofireGrootTests.framework */ = {isa = PBXFileReference; explicitFileType = wrapper.framework; includeInIndex = 0; path = Pods_abstract_alamofireGroot_AlamofireGrootTests.framework; sourceTree = BUILT_PRODUCTS_DIR; };
		E549E2D95A98D239AA7739B5 /* Pods_abstract_alamofireGroot_alamofireGrootTests.framework */ = {isa = PBXFileReference; explicitFileType = wrapper.framework; includeInIndex = 0; path = Pods_abstract_alamofireGroot_alamofireGrootTests.framework; sourceTree = BUILT_PRODUCTS_DIR; };
		E83FEE9969603A45F47E8050 /* Pods-abstract_alamofireGroot-AlamofireGrootTests.debug.xcconfig */ = {isa = PBXFileReference; includeInIndex = 1; lastKnownFileType = text.xcconfig; name = "Pods-abstract_alamofireGroot-AlamofireGrootTests.debug.xcconfig"; path = "Pods/Target Support Files/Pods-abstract_alamofireGroot-AlamofireGrootTests/Pods-abstract_alamofireGroot-AlamofireGrootTests.debug.xcconfig"; sourceTree = "<group>"; };
/* End PBXFileReference section */

/* Begin PBXFrameworksBuildPhase section */
		323DF6B31DA7C8AC00953180 /* Frameworks */ = {
			isa = PBXFrameworksBuildPhase;
			buildActionMask = 2147483647;
			files = (
				FAE1EEA705E104035FC472DC /* Pods_abstract_alamofireGroot_AlamofireGroot.framework in Frameworks */,
			);
			runOnlyForDeploymentPostprocessing = 0;
		};
		32F981831DA7A7C400A6257F /* Frameworks */ = {
			isa = PBXFrameworksBuildPhase;
			buildActionMask = 2147483647;
			files = (
				9F42845CA018943BB458EC8E /* Pods_abstract_alamofireGroot_AlamofireGrootTests.framework in Frameworks */,
			);
			runOnlyForDeploymentPostprocessing = 0;
		};
/* End PBXFrameworksBuildPhase section */

/* Begin PBXGroup section */
		323DF6A21DA7BB8100953180 /* helpers */ = {
			isa = PBXGroup;
			children = (
				32774D821DA7F1CC00209F66 /* Constants.swift */,
				323DF6A31DA7BBA300953180 /* XCTest+OHHTTPStubs.swift */,
				323DF6AF1DA7C35F00953180 /* NSPersistentContainer+Memory.swift */,
			);
			path = helpers;
			sourceTree = "<group>";
		};
		323DF6B81DA7C8AC00953180 /* AlamofireGroot */ = {
			isa = PBXGroup;
			children = (
				323DF6BF1DA7C8CD00953180 /* source */,
				323DF6B91DA7C8AC00953180 /* AlamofireGroot.h */,
				323DF6BA1DA7C8AC00953180 /* Info.plist */,
			);
			path = AlamofireGroot;
			sourceTree = "<group>";
		};
		323DF6BF1DA7C8CD00953180 /* source */ = {
			isa = PBXGroup;
			children = (
				323DF6C01DA7C8CD00953180 /* alamofire+coredata */,
				323DF6C21DA7C8CD00953180 /* insertable */,
			);
			path = source;
			sourceTree = "<group>";
		};
		323DF6C01DA7C8CD00953180 /* alamofire+coredata */ = {
			isa = PBXGroup;
			children = (
				323DF6C11DA7C8CD00953180 /* Alamofire+CoreData.swift */,
			);
			path = "alamofire+coredata";
			sourceTree = "<group>";
		};
		323DF6C21DA7C8CD00953180 /* insertable */ = {
			isa = PBXGroup;
			children = (
				323DF6C31DA7C8CD00953180 /* Insertable.swift */,
				323DF6C41DA7C8CD00953180 /* NSManagedObject+Insertable.swift */,
				32774D741DA7E01200209F66 /* Many.swift */,
				32774D791DA7E9D100209F66 /* wrapper */,
			);
			path = insertable;
			sourceTree = "<group>";
		};
		323DF6C81DA7C90100953180 /* model */ = {
			isa = PBXGroup;
			children = (
				32774D691DA7CE4700209F66 /* model.xcdatamodeld */,
				323DF6CB1DA7C90100953180 /* User+CoreDataClass.swift */,
				323DF6CC1DA7C90100953180 /* User+CoreDataProperties.swift */,
				32774D861DA7F37E00209F66 /* LoginResponse.swift */,
				3271E1651DA80384007D85E1 /* SampleWrapper.swift */,
			);
			path = model;
			sourceTree = "<group>";
		};
		32774D791DA7E9D100209F66 /* wrapper */ = {
			isa = PBXGroup;
			children = (
				32774D7A1DA7E9F800209F66 /* Operator.swift */,
				32774D7B1DA7E9F800209F66 /* Wrapper.swift */,
			);
			path = wrapper;
			sourceTree = "<group>";
		};
		32F981641DA7A62E00A6257F = {
			isa = PBXGroup;
			children = (
				323DF6B81DA7C8AC00953180 /* AlamofireGroot */,
				32F981871DA7A7C400A6257F /* AlamofireGrootTests */,
				32F9816E1DA7A62E00A6257F /* Products */,
				B830C3D3A6FE4FE92D060CC0 /* Pods */,
				39E73190B48E960C1EC334C8 /* Frameworks */,
			);
			sourceTree = "<group>";
		};
		32F9816E1DA7A62E00A6257F /* Products */ = {
			isa = PBXGroup;
			children = (
				32F981861DA7A7C400A6257F /* AlamofireGrootTests.xctest */,
				323DF6B71DA7C8AC00953180 /* AlamofireGroot.framework */,
			);
			name = Products;
			sourceTree = "<group>";
		};
		32F981871DA7A7C400A6257F /* AlamofireGrootTests */ = {
			isa = PBXGroup;
			children = (
				32774D841DA7F21500209F66 /* InsertableTests.swift */,
				32774D7E1DA7F1A000209F66 /* NSManagedObjectTests.swift */,
				32774D801DA7F1BA00209F66 /* WrapperTests.swift */,
				323DF6C81DA7C90100953180 /* model */,
				323DF6A21DA7BB8100953180 /* helpers */,
				32F9818A1DA7A7C400A6257F /* Info.plist */,
			);
			path = AlamofireGrootTests;
			sourceTree = "<group>";
		};
		39E73190B48E960C1EC334C8 /* Frameworks */ = {
			isa = PBXGroup;
			children = (
				247EBF9C274C094E7075AAC2 /* Pods_abstract_alamofireGroot_alamofireGroot.framework */,
				E549E2D95A98D239AA7739B5 /* Pods_abstract_alamofireGroot_alamofireGrootTests.framework */,
				918AF1DE18AA00FD172B3199 /* Pods_abstract_alamofireGroot_AlamofireGroot.framework */,
				E28C7DBC0CC4CAEC5D90B7AD /* Pods_abstract_alamofireGroot_AlamofireGrootTests.framework */,
			);
			name = Frameworks;
			sourceTree = "<group>";
		};
		B830C3D3A6FE4FE92D060CC0 /* Pods */ = {
			isa = PBXGroup;
			children = (
				7DC860C822AA8973C0A4265E /* Pods-abstract_alamofireGroot-alamofireGroot.debug.xcconfig */,
				C041BE564A6E09B64C2A3983 /* Pods-abstract_alamofireGroot-alamofireGroot.release.xcconfig */,
				86F72390B91652DFECB03F1E /* Pods-abstract_alamofireGroot-alamofireGrootTests.debug.xcconfig */,
				9146E0B2F38C39D20E288A24 /* Pods-abstract_alamofireGroot-alamofireGrootTests.release.xcconfig */,
				779CB3D46964FE8A9422D328 /* Pods-abstract_alamofireGroot-AlamofireGroot.debug.xcconfig */,
				B5BB741F272089CB7296CB34 /* Pods-abstract_alamofireGroot-AlamofireGroot.release.xcconfig */,
				E83FEE9969603A45F47E8050 /* Pods-abstract_alamofireGroot-AlamofireGrootTests.debug.xcconfig */,
				0F5FB475B3EADF41336AA9BB /* Pods-abstract_alamofireGroot-AlamofireGrootTests.release.xcconfig */,
			);
			name = Pods;
			sourceTree = "<group>";
		};
/* End PBXGroup section */

/* Begin PBXHeadersBuildPhase section */
		323DF6B41DA7C8AC00953180 /* Headers */ = {
			isa = PBXHeadersBuildPhase;
			buildActionMask = 2147483647;
			files = (
				32774D881DA7FE0F00209F66 /* AlamofireGroot.h in Headers */,
			);
			runOnlyForDeploymentPostprocessing = 0;
		};
/* End PBXHeadersBuildPhase section */

/* Begin PBXNativeTarget section */
		323DF6B61DA7C8AC00953180 /* AlamofireGroot */ = {
			isa = PBXNativeTarget;
			buildConfigurationList = 323DF6BC1DA7C8AC00953180 /* Build configuration list for PBXNativeTarget "AlamofireGroot" */;
			buildPhases = (
				CEEB5EC2F9C3E126D545B941 /* [CP] Check Pods Manifest.lock */,
				323DF6B21DA7C8AC00953180 /* Sources */,
				323DF6B31DA7C8AC00953180 /* Frameworks */,
				323DF6B41DA7C8AC00953180 /* Headers */,
				323DF6B51DA7C8AC00953180 /* Resources */,
				89539D6A8E51BDBA0EA4A92B /* [CP] Copy Pods Resources */,
			);
			buildRules = (
			);
			dependencies = (
			);
			name = AlamofireGroot;
			productName = AlamofireGroot;
			productReference = 323DF6B71DA7C8AC00953180 /* AlamofireGroot.framework */;
			productType = "com.apple.product-type.framework";
		};
		32F981851DA7A7C400A6257F /* AlamofireGrootTests */ = {
			isa = PBXNativeTarget;
			buildConfigurationList = 32F9818F1DA7A7C400A6257F /* Build configuration list for PBXNativeTarget "AlamofireGrootTests" */;
			buildPhases = (
				8CF0B86D624DA10662AD8F6A /* [CP] Check Pods Manifest.lock */,
				32F981821DA7A7C400A6257F /* Sources */,
				32F981831DA7A7C400A6257F /* Frameworks */,
				32F981841DA7A7C400A6257F /* Resources */,
				2C35A0555B6CCFBB34EF50E9 /* [CP] Embed Pods Frameworks */,
				A47534901A8F709976C5B954 /* [CP] Copy Pods Resources */,
			);
			buildRules = (
			);
			dependencies = (
				3271E1621DA802DE007D85E1 /* PBXTargetDependency */,
			);
			name = AlamofireGrootTests;
			productName = alamofireGrootTests;
			productReference = 32F981861DA7A7C400A6257F /* AlamofireGrootTests.xctest */;
			productType = "com.apple.product-type.bundle.unit-test";
		};
/* End PBXNativeTarget section */

/* Begin PBXProject section */
		32F981651DA7A62E00A6257F /* Project object */ = {
			isa = PBXProject;
			attributes = {
				LastSwiftUpdateCheck = 0800;
				LastUpgradeCheck = 0800;
				ORGANIZATIONNAME = ManueGE;
				TargetAttributes = {
					323DF6B61DA7C8AC00953180 = {
						CreatedOnToolsVersion = 8.0;
						DevelopmentTeam = CF864KN2XE;
						ProvisioningStyle = Automatic;
					};
					32F981851DA7A7C400A6257F = {
						CreatedOnToolsVersion = 8.0;
						DevelopmentTeam = CF864KN2XE;
						ProvisioningStyle = Automatic;
					};
				};
			};
			buildConfigurationList = 32F981681DA7A62E00A6257F /* Build configuration list for PBXProject "alamofire+groot" */;
			compatibilityVersion = "Xcode 3.2";
			developmentRegion = English;
			hasScannedForEncodings = 0;
			knownRegions = (
				en,
				Base,
			);
			mainGroup = 32F981641DA7A62E00A6257F;
			productRefGroup = 32F9816E1DA7A62E00A6257F /* Products */;
			projectDirPath = "";
			projectRoot = "";
			targets = (
				323DF6B61DA7C8AC00953180 /* AlamofireGroot */,
				32F981851DA7A7C400A6257F /* AlamofireGrootTests */,
			);
		};
/* End PBXProject section */

/* Begin PBXResourcesBuildPhase section */
		323DF6B51DA7C8AC00953180 /* Resources */ = {
			isa = PBXResourcesBuildPhase;
			buildActionMask = 2147483647;
			files = (
			);
			runOnlyForDeploymentPostprocessing = 0;
		};
		32F981841DA7A7C400A6257F /* Resources */ = {
			isa = PBXResourcesBuildPhase;
			buildActionMask = 2147483647;
			files = (
			);
			runOnlyForDeploymentPostprocessing = 0;
		};
/* End PBXResourcesBuildPhase section */

/* Begin PBXShellScriptBuildPhase section */
		2C35A0555B6CCFBB34EF50E9 /* [CP] Embed Pods Frameworks */ = {
			isa = PBXShellScriptBuildPhase;
			buildActionMask = 2147483647;
			files = (
			);
			inputPaths = (
			);
			name = "[CP] Embed Pods Frameworks";
			outputPaths = (
			);
			runOnlyForDeploymentPostprocessing = 0;
			shellPath = /bin/sh;
			shellScript = "\"${SRCROOT}/Pods/Target Support Files/Pods-abstract_alamofireGroot-AlamofireGrootTests/Pods-abstract_alamofireGroot-AlamofireGrootTests-frameworks.sh\"\n";
			showEnvVarsInLog = 0;
		};
		89539D6A8E51BDBA0EA4A92B /* [CP] Copy Pods Resources */ = {
			isa = PBXShellScriptBuildPhase;
			buildActionMask = 2147483647;
			files = (
			);
			inputPaths = (
			);
			name = "[CP] Copy Pods Resources";
			outputPaths = (
			);
			runOnlyForDeploymentPostprocessing = 0;
			shellPath = /bin/sh;
			shellScript = "\"${SRCROOT}/Pods/Target Support Files/Pods-abstract_alamofireGroot-AlamofireGroot/Pods-abstract_alamofireGroot-AlamofireGroot-resources.sh\"\n";
			showEnvVarsInLog = 0;
		};
		8CF0B86D624DA10662AD8F6A /* [CP] Check Pods Manifest.lock */ = {
			isa = PBXShellScriptBuildPhase;
			buildActionMask = 2147483647;
			files = (
			);
			inputPaths = (
			);
			name = "[CP] Check Pods Manifest.lock";
			outputPaths = (
			);
			runOnlyForDeploymentPostprocessing = 0;
			shellPath = /bin/sh;
			shellScript = "diff \"${PODS_ROOT}/../Podfile.lock\" \"${PODS_ROOT}/Manifest.lock\" > /dev/null\nif [ $? != 0 ] ; then\n    # print error to STDERR\n    echo \"error: The sandbox is not in sync with the Podfile.lock. Run 'pod install' or update your CocoaPods installation.\" >&2\n    exit 1\nfi\n";
			showEnvVarsInLog = 0;
		};
		A47534901A8F709976C5B954 /* [CP] Copy Pods Resources */ = {
			isa = PBXShellScriptBuildPhase;
			buildActionMask = 2147483647;
			files = (
			);
			inputPaths = (
			);
			name = "[CP] Copy Pods Resources";
			outputPaths = (
			);
			runOnlyForDeploymentPostprocessing = 0;
			shellPath = /bin/sh;
			shellScript = "\"${SRCROOT}/Pods/Target Support Files/Pods-abstract_alamofireGroot-AlamofireGrootTests/Pods-abstract_alamofireGroot-AlamofireGrootTests-resources.sh\"\n";
			showEnvVarsInLog = 0;
		};
		CEEB5EC2F9C3E126D545B941 /* [CP] Check Pods Manifest.lock */ = {
			isa = PBXShellScriptBuildPhase;
			buildActionMask = 2147483647;
			files = (
			);
			inputPaths = (
			);
			name = "[CP] Check Pods Manifest.lock";
			outputPaths = (
			);
			runOnlyForDeploymentPostprocessing = 0;
			shellPath = /bin/sh;
			shellScript = "diff \"${PODS_ROOT}/../Podfile.lock\" \"${PODS_ROOT}/Manifest.lock\" > /dev/null\nif [ $? != 0 ] ; then\n    # print error to STDERR\n    echo \"error: The sandbox is not in sync with the Podfile.lock. Run 'pod install' or update your CocoaPods installation.\" >&2\n    exit 1\nfi\n";
			showEnvVarsInLog = 0;
		};
/* End PBXShellScriptBuildPhase section */

/* Begin PBXSourcesBuildPhase section */
		323DF6B21DA7C8AC00953180 /* Sources */ = {
			isa = PBXSourcesBuildPhase;
			buildActionMask = 2147483647;
			files = (
				323DF6C71DA7C8CD00953180 /* NSManagedObject+Insertable.swift in Sources */,
				323DF6C61DA7C8CD00953180 /* Insertable.swift in Sources */,
				32774D7C1DA7E9F800209F66 /* Operator.swift in Sources */,
				32774D751DA7E01200209F66 /* Many.swift in Sources */,
				323DF6C51DA7C8CD00953180 /* Alamofire+CoreData.swift in Sources */,
				32774D7D1DA7E9F800209F66 /* Wrapper.swift in Sources */,
			);
			runOnlyForDeploymentPostprocessing = 0;
		};
		32F981821DA7A7C400A6257F /* Sources */ = {
			isa = PBXSourcesBuildPhase;
			buildActionMask = 2147483647;
			files = (
				32774D851DA7F21500209F66 /* InsertableTests.swift in Sources */,
				323DF6B01DA7C35F00953180 /* NSPersistentContainer+Memory.swift in Sources */,
				32774D811DA7F1BA00209F66 /* WrapperTests.swift in Sources */,
				323DF6CF1DA7C90100953180 /* User+CoreDataProperties.swift in Sources */,
				3271E1661DA80384007D85E1 /* SampleWrapper.swift in Sources */,
				323DF6A41DA7BBA300953180 /* XCTest+OHHTTPStubs.swift in Sources */,
				32774D7F1DA7F1A000209F66 /* NSManagedObjectTests.swift in Sources */,
				32774D6B1DA7CE4700209F66 /* model.xcdatamodeld in Sources */,
				323DF6CE1DA7C90100953180 /* User+CoreDataClass.swift in Sources */,
				32774D871DA7F37E00209F66 /* LoginResponse.swift in Sources */,
				32774D831DA7F1CC00209F66 /* Constants.swift in Sources */,
			);
			runOnlyForDeploymentPostprocessing = 0;
		};
/* End PBXSourcesBuildPhase section */

/* Begin PBXTargetDependency section */
		3271E1621DA802DE007D85E1 /* PBXTargetDependency */ = {
			isa = PBXTargetDependency;
			target = 323DF6B61DA7C8AC00953180 /* AlamofireGroot */;
			targetProxy = 3271E1611DA802DE007D85E1 /* PBXContainerItemProxy */;
		};
/* End PBXTargetDependency section */

/* Begin XCBuildConfiguration section */
		323DF6BD1DA7C8AC00953180 /* Debug */ = {
			isa = XCBuildConfiguration;
			baseConfigurationReference = 779CB3D46964FE8A9422D328 /* Pods-abstract_alamofireGroot-AlamofireGroot.debug.xcconfig */;
			buildSettings = {
				CODE_SIGN_IDENTITY = "";
				CURRENT_PROJECT_VERSION = 1;
				DEFINES_MODULE = YES;
				DEVELOPMENT_TEAM = CF864KN2XE;
				DYLIB_COMPATIBILITY_VERSION = 1;
				DYLIB_CURRENT_VERSION = 1;
				DYLIB_INSTALL_NAME_BASE = "@rpath";
				INFOPLIST_FILE = AlamofireGroot/Info.plist;
				INSTALL_PATH = "$(LOCAL_LIBRARY_DIR)/Frameworks";
				LD_RUNPATH_SEARCH_PATHS = "$(inherited) @executable_path/Frameworks @loader_path/Frameworks";
				PRODUCT_BUNDLE_IDENTIFIER = com.manuege.AlamofireGroot;
				PRODUCT_NAME = "$(TARGET_NAME)";
				SKIP_INSTALL = YES;
				SWIFT_VERSION = 3.0;
				TARGETED_DEVICE_FAMILY = "1,2";
				VERSIONING_SYSTEM = "apple-generic";
				VERSION_INFO_PREFIX = "";
			};
			name = Debug;
		};
		323DF6BE1DA7C8AC00953180 /* Release */ = {
			isa = XCBuildConfiguration;
			baseConfigurationReference = B5BB741F272089CB7296CB34 /* Pods-abstract_alamofireGroot-AlamofireGroot.release.xcconfig */;
			buildSettings = {
				CODE_SIGN_IDENTITY = "";
				CURRENT_PROJECT_VERSION = 1;
				DEFINES_MODULE = YES;
				DEVELOPMENT_TEAM = CF864KN2XE;
				DYLIB_COMPATIBILITY_VERSION = 1;
				DYLIB_CURRENT_VERSION = 1;
				DYLIB_INSTALL_NAME_BASE = "@rpath";
				INFOPLIST_FILE = AlamofireGroot/Info.plist;
				INSTALL_PATH = "$(LOCAL_LIBRARY_DIR)/Frameworks";
				LD_RUNPATH_SEARCH_PATHS = "$(inherited) @executable_path/Frameworks @loader_path/Frameworks";
				PRODUCT_BUNDLE_IDENTIFIER = com.manuege.AlamofireGroot;
				PRODUCT_NAME = "$(TARGET_NAME)";
				SKIP_INSTALL = YES;
				SWIFT_VERSION = 3.0;
				TARGETED_DEVICE_FAMILY = "1,2";
				VERSIONING_SYSTEM = "apple-generic";
				VERSION_INFO_PREFIX = "";
			};
			name = Release;
		};
		32F9817D1DA7A62E00A6257F /* Debug */ = {
			isa = XCBuildConfiguration;
			buildSettings = {
				ALWAYS_SEARCH_USER_PATHS = NO;
				CLANG_ANALYZER_NONNULL = YES;
				CLANG_CXX_LANGUAGE_STANDARD = "gnu++0x";
				CLANG_CXX_LIBRARY = "libc++";
				CLANG_ENABLE_MODULES = YES;
				CLANG_ENABLE_OBJC_ARC = YES;
				CLANG_WARN_BOOL_CONVERSION = YES;
				CLANG_WARN_CONSTANT_CONVERSION = YES;
				CLANG_WARN_DIRECT_OBJC_ISA_USAGE = YES_ERROR;
				CLANG_WARN_DOCUMENTATION_COMMENTS = YES;
				CLANG_WARN_EMPTY_BODY = YES;
				CLANG_WARN_ENUM_CONVERSION = YES;
				CLANG_WARN_INFINITE_RECURSION = YES;
				CLANG_WARN_INT_CONVERSION = YES;
				CLANG_WARN_OBJC_ROOT_CLASS = YES_ERROR;
				CLANG_WARN_SUSPICIOUS_MOVE = YES;
				CLANG_WARN_SUSPICIOUS_MOVES = YES;
				CLANG_WARN_UNREACHABLE_CODE = YES;
				CLANG_WARN__DUPLICATE_METHOD_MATCH = YES;
				"CODE_SIGN_IDENTITY[sdk=iphoneos*]" = "iPhone Developer";
				COPY_PHASE_STRIP = NO;
				DEBUG_INFORMATION_FORMAT = dwarf;
				ENABLE_STRICT_OBJC_MSGSEND = YES;
				ENABLE_TESTABILITY = YES;
				GCC_C_LANGUAGE_STANDARD = gnu99;
				GCC_DYNAMIC_NO_PIC = NO;
				GCC_NO_COMMON_BLOCKS = YES;
				GCC_OPTIMIZATION_LEVEL = 0;
				GCC_PREPROCESSOR_DEFINITIONS = (
					"DEBUG=1",
					"$(inherited)",
				);
				GCC_WARN_64_TO_32_BIT_CONVERSION = YES;
				GCC_WARN_ABOUT_RETURN_TYPE = YES_ERROR;
				GCC_WARN_UNDECLARED_SELECTOR = YES;
				GCC_WARN_UNINITIALIZED_AUTOS = YES_AGGRESSIVE;
				GCC_WARN_UNUSED_FUNCTION = YES;
				GCC_WARN_UNUSED_VARIABLE = YES;
				IPHONEOS_DEPLOYMENT_TARGET = 10.0;
				MTL_ENABLE_DEBUG_INFO = YES;
				ONLY_ACTIVE_ARCH = YES;
				SDKROOT = iphoneos;
				SWIFT_ACTIVE_COMPILATION_CONDITIONS = DEBUG;
				SWIFT_OPTIMIZATION_LEVEL = "-Onone";
			};
			name = Debug;
		};
		32F9817E1DA7A62E00A6257F /* Release */ = {
			isa = XCBuildConfiguration;
			buildSettings = {
				ALWAYS_SEARCH_USER_PATHS = NO;
				CLANG_ANALYZER_NONNULL = YES;
				CLANG_CXX_LANGUAGE_STANDARD = "gnu++0x";
				CLANG_CXX_LIBRARY = "libc++";
				CLANG_ENABLE_MODULES = YES;
				CLANG_ENABLE_OBJC_ARC = YES;
				CLANG_WARN_BOOL_CONVERSION = YES;
				CLANG_WARN_CONSTANT_CONVERSION = YES;
				CLANG_WARN_DIRECT_OBJC_ISA_USAGE = YES_ERROR;
				CLANG_WARN_DOCUMENTATION_COMMENTS = YES;
				CLANG_WARN_EMPTY_BODY = YES;
				CLANG_WARN_ENUM_CONVERSION = YES;
				CLANG_WARN_INFINITE_RECURSION = YES;
				CLANG_WARN_INT_CONVERSION = YES;
				CLANG_WARN_OBJC_ROOT_CLASS = YES_ERROR;
				CLANG_WARN_SUSPICIOUS_MOVE = YES;
				CLANG_WARN_SUSPICIOUS_MOVES = YES;
				CLANG_WARN_UNREACHABLE_CODE = YES;
				CLANG_WARN__DUPLICATE_METHOD_MATCH = YES;
				"CODE_SIGN_IDENTITY[sdk=iphoneos*]" = "iPhone Developer";
				COPY_PHASE_STRIP = NO;
				DEBUG_INFORMATION_FORMAT = "dwarf-with-dsym";
				ENABLE_NS_ASSERTIONS = NO;
				ENABLE_STRICT_OBJC_MSGSEND = YES;
				GCC_C_LANGUAGE_STANDARD = gnu99;
				GCC_NO_COMMON_BLOCKS = YES;
				GCC_WARN_64_TO_32_BIT_CONVERSION = YES;
				GCC_WARN_ABOUT_RETURN_TYPE = YES_ERROR;
				GCC_WARN_UNDECLARED_SELECTOR = YES;
				GCC_WARN_UNINITIALIZED_AUTOS = YES_AGGRESSIVE;
				GCC_WARN_UNUSED_FUNCTION = YES;
				GCC_WARN_UNUSED_VARIABLE = YES;
				IPHONEOS_DEPLOYMENT_TARGET = 10.0;
				MTL_ENABLE_DEBUG_INFO = NO;
				SDKROOT = iphoneos;
				SWIFT_OPTIMIZATION_LEVEL = "-Owholemodule";
				VALIDATE_PRODUCT = YES;
			};
			name = Release;
		};
		32F9818D1DA7A7C400A6257F /* Debug */ = {
			isa = XCBuildConfiguration;
			baseConfigurationReference = E83FEE9969603A45F47E8050 /* Pods-abstract_alamofireGroot-AlamofireGrootTests.debug.xcconfig */;
			buildSettings = {
				ALWAYS_EMBED_SWIFT_STANDARD_LIBRARIES = "$(inherited)";
				DEVELOPMENT_TEAM = CF864KN2XE;
				INFOPLIST_FILE = alamofireGrootTests/Info.plist;
				LD_RUNPATH_SEARCH_PATHS = "$(inherited) @executable_path/Frameworks @loader_path/Frameworks";
				PRODUCT_BUNDLE_IDENTIFIER = com.manuege.alamofireGrootTests;
				PRODUCT_NAME = "$(TARGET_NAME)";
				SWIFT_VERSION = 3.0;
			};
			name = Debug;
		};
		32F9818E1DA7A7C400A6257F /* Release */ = {
			isa = XCBuildConfiguration;
			baseConfigurationReference = 0F5FB475B3EADF41336AA9BB /* Pods-abstract_alamofireGroot-AlamofireGrootTests.release.xcconfig */;
			buildSettings = {
				ALWAYS_EMBED_SWIFT_STANDARD_LIBRARIES = "$(inherited)";
				DEVELOPMENT_TEAM = CF864KN2XE;
				INFOPLIST_FILE = alamofireGrootTests/Info.plist;
				LD_RUNPATH_SEARCH_PATHS = "$(inherited) @executable_path/Frameworks @loader_path/Frameworks";
				PRODUCT_BUNDLE_IDENTIFIER = com.manuege.alamofireGrootTests;
				PRODUCT_NAME = "$(TARGET_NAME)";
				SWIFT_VERSION = 3.0;
			};
			name = Release;
		};
/* End XCBuildConfiguration section */

/* Begin XCConfigurationList section */
		323DF6BC1DA7C8AC00953180 /* Build configuration list for PBXNativeTarget "AlamofireGroot" */ = {
			isa = XCConfigurationList;
			buildConfigurations = (
				323DF6BD1DA7C8AC00953180 /* Debug */,
				323DF6BE1DA7C8AC00953180 /* Release */,
			);
			defaultConfigurationIsVisible = 0;
			defaultConfigurationName = Release;
		};
		32F981681DA7A62E00A6257F /* Build configuration list for PBXProject "alamofire+groot" */ = {
			isa = XCConfigurationList;
			buildConfigurations = (
				32F9817D1DA7A62E00A6257F /* Debug */,
				32F9817E1DA7A62E00A6257F /* Release */,
			);
			defaultConfigurationIsVisible = 0;
			defaultConfigurationName = Release;
		};
		32F9818F1DA7A7C400A6257F /* Build configuration list for PBXNativeTarget "AlamofireGrootTests" */ = {
			isa = XCConfigurationList;
			buildConfigurations = (
				32F9818D1DA7A7C400A6257F /* Debug */,
				32F9818E1DA7A7C400A6257F /* Release */,
			);
			defaultConfigurationIsVisible = 0;
			defaultConfigurationName = Release;
		};
/* End XCConfigurationList section */

/* Begin XCVersionGroup section */
		32774D691DA7CE4700209F66 /* model.xcdatamodeld */ = {
			isa = XCVersionGroup;
			children = (
				32774D6A1DA7CE4700209F66 /* model.xcdatamodel */,
			);
			currentVersion = 32774D6A1DA7CE4700209F66 /* model.xcdatamodel */;
			path = model.xcdatamodeld;
			sourceTree = "<group>";
			versionGroupType = wrapper.xcdatamodel;
		};
/* End XCVersionGroup section */
	};
	rootObject = 32F981651DA7A62E00A6257F /* Project object */;
}
